// !$*UTF8*$!
{
	archiveVersion = 1;
	classes = {
	};
	objectVersion = 48;
	objects = {

/* Begin PBXBuildFile section */
		6C039C861F946E5D0021F9D9 /* AppDelegate.swift in Sources */ = {isa = PBXBuildFile; fileRef = 6C039C851F946E5D0021F9D9 /* AppDelegate.swift */; };
		6C039C8B1F946E5D0021F9D9 /* Main.storyboard in Resources */ = {isa = PBXBuildFile; fileRef = 6C039C891F946E5D0021F9D9 /* Main.storyboard */; };
		6C039C8D1F946E5D0021F9D9 /* Assets.xcassets in Resources */ = {isa = PBXBuildFile; fileRef = 6C039C8C1F946E5D0021F9D9 /* Assets.xcassets */; };
		6C039C901F946E5D0021F9D9 /* LaunchScreen.storyboard in Resources */ = {isa = PBXBuildFile; fileRef = 6C039C8E1F946E5D0021F9D9 /* LaunchScreen.storyboard */; };
		6C039C9C1F946EDA0021F9D9 /* Networking.swift in Sources */ = {isa = PBXBuildFile; fileRef = 6C039C9B1F946EDA0021F9D9 /* Networking.swift */; };
		6C039CA01F94768D0021F9D9 /* User.swift in Sources */ = {isa = PBXBuildFile; fileRef = 6C039C9F1F94768D0021F9D9 /* User.swift */; };
		6C039CA21F9476A60021F9D9 /* HomeVC.swift in Sources */ = {isa = PBXBuildFile; fileRef = 6C039CA11F9476A60021F9D9 /* HomeVC.swift */; };
		6C039CA41F95645B0021F9D9 /* Trip.swift in Sources */ = {isa = PBXBuildFile; fileRef = 6C039CA31F95645B0021F9D9 /* Trip.swift */; };
		6CD878921F96DC55005724E1 /* TripsVC.swift in Sources */ = {isa = PBXBuildFile; fileRef = 6CD878911F96DC55005724E1 /* TripsVC.swift */; };
		6CD878961F96E348005724E1 /* TripTableViewCell.swift in Sources */ = {isa = PBXBuildFile; fileRef = 6CD878951F96E348005724E1 /* TripTableViewCell.swift */; };
/* End PBXBuildFile section */

/* Begin PBXFileReference section */
		6C039C821F946E5D0021F9D9 /* TripPlanner.app */ = {isa = PBXFileReference; explicitFileType = wrapper.application; includeInIndex = 0; path = TripPlanner.app; sourceTree = BUILT_PRODUCTS_DIR; };
		6C039C851F946E5D0021F9D9 /* AppDelegate.swift */ = {isa = PBXFileReference; lastKnownFileType = sourcecode.swift; path = AppDelegate.swift; sourceTree = "<group>"; };
		6C039C8A1F946E5D0021F9D9 /* Base */ = {isa = PBXFileReference; lastKnownFileType = file.storyboard; name = Base; path = Base.lproj/Main.storyboard; sourceTree = "<group>"; };
		6C039C8C1F946E5D0021F9D9 /* Assets.xcassets */ = {isa = PBXFileReference; lastKnownFileType = folder.assetcatalog; path = Assets.xcassets; sourceTree = "<group>"; };
		6C039C8F1F946E5D0021F9D9 /* Base */ = {isa = PBXFileReference; lastKnownFileType = file.storyboard; name = Base; path = Base.lproj/LaunchScreen.storyboard; sourceTree = "<group>"; };
		6C039C911F946E5D0021F9D9 /* Info.plist */ = {isa = PBXFileReference; lastKnownFileType = text.plist.xml; path = Info.plist; sourceTree = "<group>"; };
		6C039C9B1F946EDA0021F9D9 /* Networking.swift */ = {isa = PBXFileReference; fileEncoding = 4; lastKnownFileType = sourcecode.swift; path = Networking.swift; sourceTree = "<group>"; };
		6C039C9F1F94768D0021F9D9 /* User.swift */ = {isa = PBXFileReference; fileEncoding = 4; lastKnownFileType = sourcecode.swift; path = User.swift; sourceTree = "<group>"; };
		6C039CA11F9476A60021F9D9 /* HomeVC.swift */ = {isa = PBXFileReference; lastKnownFileType = sourcecode.swift; path = HomeVC.swift; sourceTree = "<group>"; };
		6C039CA31F95645B0021F9D9 /* Trip.swift */ = {isa = PBXFileReference; lastKnownFileType = sourcecode.swift; path = Trip.swift; sourceTree = "<group>"; };
		6CD878911F96DC55005724E1 /* TripsVC.swift */ = {isa = PBXFileReference; lastKnownFileType = sourcecode.swift; path = TripsVC.swift; sourceTree = "<group>"; };
		6CD878951F96E348005724E1 /* TripTableViewCell.swift */ = {isa = PBXFileReference; lastKnownFileType = sourcecode.swift; path = TripTableViewCell.swift; sourceTree = "<group>"; };
/* End PBXFileReference section */

/* Begin PBXFrameworksBuildPhase section */
		6C039C7F1F946E5D0021F9D9 /* Frameworks */ = {
			isa = PBXFrameworksBuildPhase;
			buildActionMask = 2147483647;
			files = (
			);
			runOnlyForDeploymentPostprocessing = 0;
		};
/* End PBXFrameworksBuildPhase section */

/* Begin PBXGroup section */
		6C039C791F946E5D0021F9D9 = {
			isa = PBXGroup;
			children = (
				6C039C841F946E5D0021F9D9 /* TripPlanner */,
				6C039C831F946E5D0021F9D9 /* Products */,
			);
			sourceTree = "<group>";
		};
		6C039C831F946E5D0021F9D9 /* Products */ = {
			isa = PBXGroup;
			children = (
				6C039C821F946E5D0021F9D9 /* TripPlanner.app */,
			);
			name = Products;
			sourceTree = "<group>";
		};
		6C039C841F946E5D0021F9D9 /* TripPlanner */ = {
			isa = PBXGroup;
			children = (
				6C039C9A1F946E7C0021F9D9 /* Services */,
				6C039C991F946E740021F9D9 /* Views */,
				6C039C981F946E6F0021F9D9 /* VCs */,
				6C039C971F946E650021F9D9 /* Models */,
				6C039C891F946E5D0021F9D9 /* Main.storyboard */,
				6CD878941F96DD51005724E1 /* Supporting */,
			);
			path = TripPlanner;
			sourceTree = "<group>";
		};
		6C039C971F946E650021F9D9 /* Models */ = {
			isa = PBXGroup;
			children = (
				6C039C9F1F94768D0021F9D9 /* User.swift */,
				6C039CA31F95645B0021F9D9 /* Trip.swift */,
			);
			path = Models;
			sourceTree = "<group>";
		};
		6C039C981F946E6F0021F9D9 /* VCs */ = {
			isa = PBXGroup;
			children = (
				6C039CA11F9476A60021F9D9 /* HomeVC.swift */,
				6CD878911F96DC55005724E1 /* TripsVC.swift */,
			);
			path = VCs;
			sourceTree = "<group>";
		};
		6C039C991F946E740021F9D9 /* Views */ = {
			isa = PBXGroup;
			children = (
				6CD878951F96E348005724E1 /* TripTableViewCell.swift */,
			);
			path = Views;
			sourceTree = "<group>";
		};
		6C039C9A1F946E7C0021F9D9 /* Services */ = {
			isa = PBXGroup;
			children = (
				6C039C9B1F946EDA0021F9D9 /* Networking.swift */,
			);
			path = Services;
			sourceTree = "<group>";
		};
		6CD878941F96DD51005724E1 /* Supporting */ = {
			isa = PBXGroup;
			children = (
				6C039C851F946E5D0021F9D9 /* AppDelegate.swift */,
				6C039C8E1F946E5D0021F9D9 /* LaunchScreen.storyboard */,
				6C039C911F946E5D0021F9D9 /* Info.plist */,
				6C039C8C1F946E5D0021F9D9 /* Assets.xcassets */,
			);
			path = Supporting;
			sourceTree = "<group>";
		};
/* End PBXGroup section */

/* Begin PBXNativeTarget section */
		6C039C811F946E5D0021F9D9 /* TripPlanner */ = {
			isa = PBXNativeTarget;
			buildConfigurationList = 6C039C941F946E5D0021F9D9 /* Build configuration list for PBXNativeTarget "TripPlanner" */;
			buildPhases = (
				6C039C7E1F946E5D0021F9D9 /* Sources */,
				6C039C7F1F946E5D0021F9D9 /* Frameworks */,
				6C039C801F946E5D0021F9D9 /* Resources */,
			);
			buildRules = (
			);
			dependencies = (
			);
			name = TripPlanner;
			productName = TripPlanner;
			productReference = 6C039C821F946E5D0021F9D9 /* TripPlanner.app */;
			productType = "com.apple.product-type.application";
		};
/* End PBXNativeTarget section */

/* Begin PBXProject section */
		6C039C7A1F946E5D0021F9D9 /* Project object */ = {
			isa = PBXProject;
			attributes = {
				LastSwiftUpdateCheck = 0900;
				LastUpgradeCheck = 0900;
				ORGANIZATIONNAME = "Melody Yang";
				TargetAttributes = {
					6C039C811F946E5D0021F9D9 = {
						CreatedOnToolsVersion = 9.0;
						ProvisioningStyle = Automatic;
					};
				};
			};
			buildConfigurationList = 6C039C7D1F946E5D0021F9D9 /* Build configuration list for PBXProject "TripPlanner" */;
			compatibilityVersion = "Xcode 8.0";
			developmentRegion = en;
			hasScannedForEncodings = 0;
			knownRegions = (
				en,
				Base,
			);
			mainGroup = 6C039C791F946E5D0021F9D9;
			productRefGroup = 6C039C831F946E5D0021F9D9 /* Products */;
			projectDirPath = "";
			projectRoot = "";
			targets = (
				6C039C811F946E5D0021F9D9 /* TripPlanner */,
			);
		};
/* End PBXProject section */

/* Begin PBXResourcesBuildPhase section */
		6C039C801F946E5D0021F9D9 /* Resources */ = {
			isa = PBXResourcesBuildPhase;
			buildActionMask = 2147483647;
			files = (
				6C039C901F946E5D0021F9D9 /* LaunchScreen.storyboard in Resources */,
				6C039C8D1F946E5D0021F9D9 /* Assets.xcassets in Resources */,
				6C039C8B1F946E5D0021F9D9 /* Main.storyboard in Resources */,
			);
			runOnlyForDeploymentPostprocessing = 0;
		};
/* End PBXResourcesBuildPhase section */

/* Begin PBXSourcesBuildPhase section */
		6C039C7E1F946E5D0021F9D9 /* Sources */ = {
			isa = PBXSourcesBuildPhase;
			buildActionMask = 2147483647;
			files = (
				6C039CA41F95645B0021F9D9 /* Trip.swift in Sources */,
				6CD878961F96E348005724E1 /* TripTableViewCell.swift in Sources */,
				6CD878921F96DC55005724E1 /* TripsVC.swift in Sources */,
				6C039C9C1F946EDA0021F9D9 /* Networking.swift in Sources */,
				6C039CA21F9476A60021F9D9 /* HomeVC.swift in Sources */,
				6C039CA01F94768D0021F9D9 /* User.swift in Sources */,
				6C039C861F946E5D0021F9D9 /* AppDelegate.swift in Sources */,
			);
			runOnlyForDeploymentPostprocessing = 0;
		};
/* End PBXSourcesBuildPhase section */

/* Begin PBXVariantGroup section */
		6C039C891F946E5D0021F9D9 /* Main.storyboard */ = {
			isa = PBXVariantGroup;
			children = (
				6C039C8A1F946E5D0021F9D9 /* Base */,
			);
			name = Main.storyboard;
			sourceTree = "<group>";
		};
		6C039C8E1F946E5D0021F9D9 /* LaunchScreen.storyboard */ = {
			isa = PBXVariantGroup;
			children = (
				6C039C8F1F946E5D0021F9D9 /* Base */,
			);
			name = LaunchScreen.storyboard;
			sourceTree = "<group>";
		};
/* End PBXVariantGroup section */

/* Begin XCBuildConfiguration section */
		6C039C921F946E5D0021F9D9 /* Debug */ = {
			isa = XCBuildConfiguration;
			buildSettings = {
				ALWAYS_SEARCH_USER_PATHS = NO;
				CLANG_ANALYZER_NONNULL = YES;
				CLANG_ANALYZER_NUMBER_OBJECT_CONVERSION = YES_AGGRESSIVE;
				CLANG_CXX_LANGUAGE_STANDARD = "gnu++14";
				CLANG_CXX_LIBRARY = "libc++";
				CLANG_ENABLE_MODULES = YES;
				CLANG_ENABLE_OBJC_ARC = YES;
				CLANG_WARN_BLOCK_CAPTURE_AUTORELEASING = YES;
				CLANG_WARN_BOOL_CONVERSION = YES;
				CLANG_WARN_COMMA = YES;
				CLANG_WARN_CONSTANT_CONVERSION = YES;
				CLANG_WARN_DIRECT_OBJC_ISA_USAGE = YES_ERROR;
				CLANG_WARN_DOCUMENTATION_COMMENTS = YES;
				CLANG_WARN_EMPTY_BODY = YES;
				CLANG_WARN_ENUM_CONVERSION = YES;
				CLANG_WARN_INFINITE_RECURSION = YES;
				CLANG_WARN_INT_CONVERSION = YES;
				CLANG_WARN_NON_LITERAL_NULL_CONVERSION = YES;
				CLANG_WARN_OBJC_LITERAL_CONVERSION = YES;
				CLANG_WARN_OBJC_ROOT_CLASS = YES_ERROR;
				CLANG_WARN_RANGE_LOOP_ANALYSIS = YES;
				CLANG_WARN_STRICT_PROTOTYPES = YES;
				CLANG_WARN_SUSPICIOUS_MOVE = YES;
				CLANG_WARN_UNGUARDED_AVAILABILITY = YES_AGGRESSIVE;
				CLANG_WARN_UNREACHABLE_CODE = YES;
				CLANG_WARN__DUPLICATE_METHOD_MATCH = YES;
				CODE_SIGN_IDENTITY = "iPhone Developer";
				COPY_PHASE_STRIP = NO;
				DEBUG_INFORMATION_FORMAT = dwarf;
				ENABLE_STRICT_OBJC_MSGSEND = YES;
				ENABLE_TESTABILITY = YES;
				GCC_C_LANGUAGE_STANDARD = gnu11;
				GCC_DYNAMIC_NO_PIC = NO;
				GCC_NO_COMMON_BLOCKS = YES;
				GCC_OPTIMIZATION_LEVEL = 0;
				GCC_PREPROCESSOR_DEFINITIONS = (
					"DEBUG=1",
					"$(inherited)",
				);
				GCC_WARN_64_TO_32_BIT_CONVERSION = YES;
				GCC_WARN_ABOUT_RETURN_TYPE = YES_ERROR;
				GCC_WARN_UNDECLARED_SELECTOR = YES;
				GCC_WARN_UNINITIALIZED_AUTOS = YES_AGGRESSIVE;
				GCC_WARN_UNUSED_FUNCTION = YES;
				GCC_WARN_UNUSED_VARIABLE = YES;
				IPHONEOS_DEPLOYMENT_TARGET = 11.0;
				MTL_ENABLE_DEBUG_INFO = YES;
				ONLY_ACTIVE_ARCH = YES;
				SDKROOT = iphoneos;
				SWIFT_ACTIVE_COMPILATION_CONDITIONS = DEBUG;
				SWIFT_OPTIMIZATION_LEVEL = "-Onone";
			};
			name = Debug;
		};
		6C039C931F946E5D0021F9D9 /* Release */ = {
			isa = XCBuildConfiguration;
			buildSettings = {
				ALWAYS_SEARCH_USER_PATHS = NO;
				CLANG_ANALYZER_NONNULL = YES;
				CLANG_ANALYZER_NUMBER_OBJECT_CONVERSION = YES_AGGRESSIVE;
				CLANG_CXX_LANGUAGE_STANDARD = "gnu++14";
				CLANG_CXX_LIBRARY = "libc++";
				CLANG_ENABLE_MODULES = YES;
				CLANG_ENABLE_OBJC_ARC = YES;
				CLANG_WARN_BLOCK_CAPTURE_AUTORELEASING = YES;
				CLANG_WARN_BOOL_CONVERSION = YES;
				CLANG_WARN_COMMA = YES;
				CLANG_WARN_CONSTANT_CONVERSION = YES;
				CLANG_WARN_DIRECT_OBJC_ISA_USAGE = YES_ERROR;
				CLANG_WARN_DOCUMENTATION_COMMENTS = YES;
				CLANG_WARN_EMPTY_BODY = YES;
				CLANG_WARN_ENUM_CONVERSION = YES;
				CLANG_WARN_INFINITE_RECURSION = YES;
				CLANG_WARN_INT_CONVERSION = YES;
				CLANG_WARN_NON_LITERAL_NULL_CONVERSION = YES;
				CLANG_WARN_OBJC_LITERAL_CONVERSION = YES;
				CLANG_WARN_OBJC_ROOT_CLASS = YES_ERROR;
				CLANG_WARN_RANGE_LOOP_ANALYSIS = YES;
				CLANG_WARN_STRICT_PROTOTYPES = YES;
				CLANG_WARN_SUSPICIOUS_MOVE = YES;
				CLANG_WARN_UNGUARDED_AVAILABILITY = YES_AGGRESSIVE;
				CLANG_WARN_UNREACHABLE_CODE = YES;
				CLANG_WARN__DUPLICATE_METHOD_MATCH = YES;
				CODE_SIGN_IDENTITY = "iPhone Developer";
				COPY_PHASE_STRIP = NO;
				DEBUG_INFORMATION_FORMAT = "dwarf-with-dsym";
				ENABLE_NS_ASSERTIONS = NO;
				ENABLE_STRICT_OBJC_MSGSEND = YES;
				GCC_C_LANGUAGE_STANDARD = gnu11;
				GCC_NO_COMMON_BLOCKS = YES;
				GCC_WARN_64_TO_32_BIT_CONVERSION = YES;
				GCC_WARN_ABOUT_RETURN_TYPE = YES_ERROR;
				GCC_WARN_UNDECLARED_SELECTOR = YES;
				GCC_WARN_UNINITIALIZED_AUTOS = YES_AGGRESSIVE;
				GCC_WARN_UNUSED_FUNCTION = YES;
				GCC_WARN_UNUSED_VARIABLE = YES;
				IPHONEOS_DEPLOYMENT_TARGET = 11.0;
				MTL_ENABLE_DEBUG_INFO = NO;
				SDKROOT = iphoneos;
				SWIFT_OPTIMIZATION_LEVEL = "-Owholemodule";
				VALIDATE_PRODUCT = YES;
			};
			name = Release;
		};
		6C039C951F946E5D0021F9D9 /* Debug */ = {
			isa = XCBuildConfiguration;
			buildSettings = {
				ASSETCATALOG_COMPILER_APPICON_NAME = AppIcon;
				CODE_SIGN_STYLE = Automatic;
				INFOPLIST_FILE = "$(SRCROOT)/TripPlanner/Supporting/Info.plist";
				LD_RUNPATH_SEARCH_PATHS = "$(inherited) @executable_path/Frameworks";
				PRODUCT_BUNDLE_IDENTIFIER = "com.Melody-Yang.TripPlanner";
				PRODUCT_NAME = "$(TARGET_NAME)";
				SWIFT_VERSION = 4.0;
				TARGETED_DEVICE_FAMILY = "1,2";
			};
			name = Debug;
		};
		6C039C961F946E5D0021F9D9 /* Release */ = {
			isa = XCBuildConfiguration;
			buildSettings = {
				ASSETCATALOG_COMPILER_APPICON_NAME = AppIcon;
				CODE_SIGN_STYLE = Automatic;
				INFOPLIST_FILE = "$(SRCROOT)/TripPlanner/Supporting/Info.plist";
				LD_RUNPATH_SEARCH_PATHS = "$(inherited) @executable_path/Frameworks";
				PRODUCT_BUNDLE_IDENTIFIER = "com.Melody-Yang.TripPlanner";
				PRODUCT_NAME = "$(TARGET_NAME)";
				SWIFT_VERSION = 4.0;
				TARGETED_DEVICE_FAMILY = "1,2";
			};
			name = Release;
		};
/* End XCBuildConfiguration section */

/* Begin XCConfigurationList section */
		6C039C7D1F946E5D0021F9D9 /* Build configuration list for PBXProject "TripPlanner" */ = {
			isa = XCConfigurationList;
			buildConfigurations = (
				6C039C921F946E5D0021F9D9 /* Debug */,
				6C039C931F946E5D0021F9D9 /* Release */,
			);
			defaultConfigurationIsVisible = 0;
			defaultConfigurationName = Release;
		};
		6C039C941F946E5D0021F9D9 /* Build configuration list for PBXNativeTarget "TripPlanner" */ = {
			isa = XCConfigurationList;
			buildConfigurations = (
				6C039C951F946E5D0021F9D9 /* Debug */,
				6C039C961F946E5D0021F9D9 /* Release */,
			);
			defaultConfigurationIsVisible = 0;
			defaultConfigurationName = Release;
		};
/* End XCConfigurationList section */
	};
	rootObject = 6C039C7A1F946E5D0021F9D9 /* Project object */;
}
